
Microsoft Visual Studio Solution File, Format Version 12.00
# Visual Studio Version 17
VisualStudioVersion = 17.3.32825.248
MinimumVisualStudioVersion = 10.0.40219.1
Project("{FAE04EC0-301F-11D3-BF4B-00C04F79EFBC}") = "wa-api", "wa-api.csproj", "{A2948AA5-B7C8-49D9-8093-6C033C567229}"
EndProject
Global
	GlobalSection(SolutionConfigurationPlatforms) = preSolution
		Debug|Any CPU = Debug|Any CPU
		Release|Any CPU = Release|Any CPU
	EndGlobalSection
	GlobalSection(ProjectConfigurationPlatforms) = postSolution
		{A2948AA5-B7C8-49D9-8093-6C033C567229}.Debug|Any CPU.ActiveCfg = Debug|Any CPU
		{A2948AA5-B7C8-49D9-8093-6C033C567229}.Debug|Any CPU.Build.0 = Debug|Any CPU
		{A2948AA5-B7C8-49D9-8093-6C033C567229}.Release|Any CPU.ActiveCfg = Release|Any CPU
		{A2948AA5-B7C8-49D9-8093-6C033C567229}.Release|Any CPU.Build.0 = Release|Any CPU
	EndGlobalSection
	GlobalSection(SolutionProperties) = preSolution
		HideSolutionNode = FALSE
	EndGlobalSection
	GlobalSection(ExtensibilityGlobals) = postSolution
		SolutionGuid = {A1745EA3-BDB7-44D1-A275-12EA172A9DF2}
	EndGlobalSection
EndGlobal
