
Microsoft Visual Studio Solution File, Format Version 12.00
# Visual Studio Version 17
VisualStudioVersion = 17.3.32825.248
MinimumVisualStudioVersion = 10.0.40219.1
Project("{9A19103F-16F7-4668-BE54-9A1E7A4F7556}") = "wa-api", "wa-api\wa-api.csproj", "{BE11B0B6-C81F-47A7-82DA-A9C0074711A2}"
EndProject
Project("{9A19103F-16F7-4668-BE54-9A1E7A4F7556}") = "wa-api.Tests", "wa-api.Tests\wa-api.Tests.csproj", "{63663817-9EC6-4269-A050-77A73A5E496B}"
EndProject
Global
	GlobalSection(SolutionConfigurationPlatforms) = preSolution
		Debug|Any CPU = Debug|Any CPU
		Release|Any CPU = Release|Any CPU
	EndGlobalSection
	GlobalSection(ProjectConfigurationPlatforms) = postSolution
		{BE11B0B6-C81F-47A7-82DA-A9C0074711A2}.Debug|Any CPU.ActiveCfg = Debug|Any CPU
		{BE11B0B6-C81F-47A7-82DA-A9C0074711A2}.Debug|Any CPU.Build.0 = Debug|Any CPU
		{BE11B0B6-C81F-47A7-82DA-A9C0074711A2}.Release|Any CPU.ActiveCfg = Release|Any CPU
		{BE11B0B6-C81F-47A7-82DA-A9C0074711A2}.Release|Any CPU.Build.0 = Release|Any CPU
		{63663817-9EC6-4269-A050-77A73A5E496B}.Debug|Any CPU.ActiveCfg = Debug|Any CPU
		{63663817-9EC6-4269-A050-77A73A5E496B}.Debug|Any CPU.Build.0 = Debug|Any CPU
		{63663817-9EC6-4269-A050-77A73A5E496B}.Release|Any CPU.ActiveCfg = Release|Any CPU
		{63663817-9EC6-4269-A050-77A73A5E496B}.Release|Any CPU.Build.0 = Release|Any CPU
	EndGlobalSection
	GlobalSection(SolutionProperties) = preSolution
		HideSolutionNode = FALSE
	EndGlobalSection
	GlobalSection(ExtensibilityGlobals) = postSolution
		SolutionGuid = {A1745EA3-BDB7-44D1-A275-12EA172A9DF2}
	EndGlobalSection
EndGlobal
